
Microsoft Visual Studio Solution File, Format Version 12.00
# Visual Studio Version 16
VisualStudioVersion = 16.0.29613.14
MinimumVisualStudioVersion = 10.0.40219.1
Project("{9A19103F-16F7-4668-BE54-9A1E7A4F7556}") = "RAAA", "RAAA\RAAA.csproj", "{216E33CD-0E66-4B40-BBF1-07EB0501233C}"
EndProject
Project("{FAE04EC0-301F-11D3-BF4B-00C04F79EFBC}") = "DataModels", "ClassLibrary'\DataModels.csproj", "{D8F267DD-DFD8-46B7-A8FD-C259006F985D}"
EndProject
Project("{FAE04EC0-301F-11D3-BF4B-00C04F79EFBC}") = "Services", "Services\Services.csproj", "{B4286279-D4F1-467A-B626-DB68C8C608E9}"
EndProject
Global
	GlobalSection(SolutionConfigurationPlatforms) = preSolution
		Debug|Any CPU = Debug|Any CPU
		Release|Any CPU = Release|Any CPU
	EndGlobalSection
	GlobalSection(ProjectConfigurationPlatforms) = postSolution
		{216E33CD-0E66-4B40-BBF1-07EB0501233C}.Debug|Any CPU.ActiveCfg = Debug|Any CPU
		{216E33CD-0E66-4B40-BBF1-07EB0501233C}.Debug|Any CPU.Build.0 = Debug|Any CPU
		{216E33CD-0E66-4B40-BBF1-07EB0501233C}.Release|Any CPU.ActiveCfg = Release|Any CPU
		{216E33CD-0E66-4B40-BBF1-07EB0501233C}.Release|Any CPU.Build.0 = Release|Any CPU
		{D8F267DD-DFD8-46B7-A8FD-C259006F985D}.Debug|Any CPU.ActiveCfg = Debug|Any CPU
		{D8F267DD-DFD8-46B7-A8FD-C259006F985D}.Debug|Any CPU.Build.0 = Debug|Any CPU
		{D8F267DD-DFD8-46B7-A8FD-C259006F985D}.Release|Any CPU.ActiveCfg = Release|Any CPU
		{D8F267DD-DFD8-46B7-A8FD-C259006F985D}.Release|Any CPU.Build.0 = Release|Any CPU
		{B4286279-D4F1-467A-B626-DB68C8C608E9}.Debug|Any CPU.ActiveCfg = Debug|Any CPU
		{B4286279-D4F1-467A-B626-DB68C8C608E9}.Debug|Any CPU.Build.0 = Debug|Any CPU
		{B4286279-D4F1-467A-B626-DB68C8C608E9}.Release|Any CPU.ActiveCfg = Release|Any CPU
		{B4286279-D4F1-467A-B626-DB68C8C608E9}.Release|Any CPU.Build.0 = Release|Any CPU
	EndGlobalSection
	GlobalSection(SolutionProperties) = preSolution
		HideSolutionNode = FALSE
	EndGlobalSection
	GlobalSection(ExtensibilityGlobals) = postSolution
		SolutionGuid = {F50BADD9-7A63-4DDE-B168-C75452EC4B55}
	EndGlobalSection
EndGlobal
